
Microsoft Visual Studio Solution File, Format Version 12.00
# Visual Studio Version 17
VisualStudioVersion = 17.14.36623.8 d17.14
MinimumVisualStudioVersion = 10.0.40219.1
Project("{FAE04EC0-301F-11D3-BF4B-00C04F79EFBC}") = "memory", "memory.csproj", "{500E0B00-097D-42E8-9660-EA3E0DCF0A43}"
EndProject
Global
	GlobalSection(SolutionConfigurationPlatforms) = preSolution
		Debug|Any CPU = Debug|Any CPU
		Release|Any CPU = Release|Any CPU
	EndGlobalSection
	GlobalSection(ProjectConfigurationPlatforms) = postSolution
		{500E0B00-097D-42E8-9660-EA3E0DCF0A43}.Debug|Any CPU.ActiveCfg = Debug|Any CPU
		{500E0B00-097D-42E8-9660-EA3E0DCF0A43}.Debug|Any CPU.Build.0 = Debug|Any CPU
		{500E0B00-097D-42E8-9660-EA3E0DCF0A43}.Release|Any CPU.ActiveCfg = Release|Any CPU
		{500E0B00-097D-42E8-9660-EA3E0DCF0A43}.Release|Any CPU.Build.0 = Release|Any CPU
	EndGlobalSection
	GlobalSection(SolutionProperties) = preSolution
		HideSolutionNode = FALSE
	EndGlobalSection
	GlobalSection(ExtensibilityGlobals) = postSolution
		SolutionGuid = {D29D3B57-AD98-4DED-88C9-58F962EBE9C3}
	EndGlobalSection
EndGlobal
