
Microsoft Visual Studio Solution File, Format Version 12.00
# Visual Studio Version 17
VisualStudioVersion = 17.14.36623.8 d17.14
MinimumVisualStudioVersion = 10.0.40219.1
Project("{FAE04EC0-301F-11D3-BF4B-00C04F79EFBC}") = "Databasteknik-projekt", "Databasteknik-projekt.csproj", "{2F91107E-6A8B-4B8B-9E39-F263911588F8}"
EndProject
Global
	GlobalSection(SolutionConfigurationPlatforms) = preSolution
		Debug|Any CPU = Debug|Any CPU
		Release|Any CPU = Release|Any CPU
	EndGlobalSection
	GlobalSection(ProjectConfigurationPlatforms) = postSolution
		{2F91107E-6A8B-4B8B-9E39-F263911588F8}.Debug|Any CPU.ActiveCfg = Debug|Any CPU
		{2F91107E-6A8B-4B8B-9E39-F263911588F8}.Debug|Any CPU.Build.0 = Debug|Any CPU
		{2F91107E-6A8B-4B8B-9E39-F263911588F8}.Release|Any CPU.ActiveCfg = Release|Any CPU
		{2F91107E-6A8B-4B8B-9E39-F263911588F8}.Release|Any CPU.Build.0 = Release|Any CPU
	EndGlobalSection
	GlobalSection(SolutionProperties) = preSolution
		HideSolutionNode = FALSE
	EndGlobalSection
	GlobalSection(ExtensibilityGlobals) = postSolution
		SolutionGuid = {340E2AE2-BC33-4E01-855A-AD035D168C99}
	EndGlobalSection
EndGlobal
